
Microsoft Visual Studio Solution File, Format Version 12.00
# Visual Studio Version 17
VisualStudioVersion = 17.0.31903.59
MinimumVisualStudioVersion = 10.0.40219.1
Project("{FAE04EC0-301F-11D3-BF4B-00C04F79EFBC}") = "server", "server\server.csproj", "{C7D118C0-5D95-400B-9414-A9AAFBF80A9A}"
EndProject
Project("{FAE04EC0-301F-11D3-BF4B-00C04F79EFBC}") = "test_1", "test_1\test_1.csproj", "{965C3C2A-9F4A-49E7-BF96-E1A9C2735A7F}"
EndProject
Project("{FAE04EC0-301F-11D3-BF4B-00C04F79EFBC}") = "test_2", "test_2\test_2.csproj", "{A36D5B6C-B76C-448A-B6CE-2875EAEEA685}"
EndProject
Project("{FAE04EC0-301F-11D3-BF4B-00C04F79EFBC}") = "CLI_c_sharp_to_html", "CLI_c_sharp_to_html\CLI_c_sharp_to_html.csproj", "{867DE2B2-E01E-43E8-9C8B-7CAB5E29FB67}"
EndProject
Project("{FAE04EC0-301F-11D3-BF4B-00C04F79EFBC}") = "test calling method from Dict", "test calling method from Dict\test calling method from Dict.csproj", "{846C60B8-194B-46A1-8923-969E185143BC}"
EndProject
Project("{FAE04EC0-301F-11D3-BF4B-00C04F79EFBC}") = "learn dynamic expandable objects", "learn dynamic expandable objects\learn dynamic expandable objects.csproj", "{4F92D75C-C537-46EC-9FDD-F4BB1C20BD94}"
EndProject
Global
	GlobalSection(SolutionConfigurationPlatforms) = preSolution
		Debug|Any CPU = Debug|Any CPU
		Release|Any CPU = Release|Any CPU
	EndGlobalSection
	GlobalSection(SolutionProperties) = preSolution
		HideSolutionNode = FALSE
	EndGlobalSection
	GlobalSection(ProjectConfigurationPlatforms) = postSolution
		{C7D118C0-5D95-400B-9414-A9AAFBF80A9A}.Debug|Any CPU.ActiveCfg = Debug|Any CPU
		{C7D118C0-5D95-400B-9414-A9AAFBF80A9A}.Debug|Any CPU.Build.0 = Debug|Any CPU
		{C7D118C0-5D95-400B-9414-A9AAFBF80A9A}.Release|Any CPU.ActiveCfg = Release|Any CPU
		{C7D118C0-5D95-400B-9414-A9AAFBF80A9A}.Release|Any CPU.Build.0 = Release|Any CPU
		{965C3C2A-9F4A-49E7-BF96-E1A9C2735A7F}.Debug|Any CPU.ActiveCfg = Debug|Any CPU
		{965C3C2A-9F4A-49E7-BF96-E1A9C2735A7F}.Debug|Any CPU.Build.0 = Debug|Any CPU
		{965C3C2A-9F4A-49E7-BF96-E1A9C2735A7F}.Release|Any CPU.ActiveCfg = Release|Any CPU
		{965C3C2A-9F4A-49E7-BF96-E1A9C2735A7F}.Release|Any CPU.Build.0 = Release|Any CPU
		{A36D5B6C-B76C-448A-B6CE-2875EAEEA685}.Debug|Any CPU.ActiveCfg = Debug|Any CPU
		{A36D5B6C-B76C-448A-B6CE-2875EAEEA685}.Debug|Any CPU.Build.0 = Debug|Any CPU
		{A36D5B6C-B76C-448A-B6CE-2875EAEEA685}.Release|Any CPU.ActiveCfg = Release|Any CPU
		{A36D5B6C-B76C-448A-B6CE-2875EAEEA685}.Release|Any CPU.Build.0 = Release|Any CPU
		{867DE2B2-E01E-43E8-9C8B-7CAB5E29FB67}.Debug|Any CPU.ActiveCfg = Debug|Any CPU
		{867DE2B2-E01E-43E8-9C8B-7CAB5E29FB67}.Debug|Any CPU.Build.0 = Debug|Any CPU
		{867DE2B2-E01E-43E8-9C8B-7CAB5E29FB67}.Release|Any CPU.ActiveCfg = Release|Any CPU
		{867DE2B2-E01E-43E8-9C8B-7CAB5E29FB67}.Release|Any CPU.Build.0 = Release|Any CPU
		{846C60B8-194B-46A1-8923-969E185143BC}.Debug|Any CPU.ActiveCfg = Debug|Any CPU
		{846C60B8-194B-46A1-8923-969E185143BC}.Debug|Any CPU.Build.0 = Debug|Any CPU
		{846C60B8-194B-46A1-8923-969E185143BC}.Release|Any CPU.ActiveCfg = Release|Any CPU
		{846C60B8-194B-46A1-8923-969E185143BC}.Release|Any CPU.Build.0 = Release|Any CPU
		{4F92D75C-C537-46EC-9FDD-F4BB1C20BD94}.Debug|Any CPU.ActiveCfg = Debug|Any CPU
		{4F92D75C-C537-46EC-9FDD-F4BB1C20BD94}.Debug|Any CPU.Build.0 = Debug|Any CPU
		{4F92D75C-C537-46EC-9FDD-F4BB1C20BD94}.Release|Any CPU.ActiveCfg = Release|Any CPU
		{4F92D75C-C537-46EC-9FDD-F4BB1C20BD94}.Release|Any CPU.Build.0 = Release|Any CPU
	EndGlobalSection
EndGlobal
